
Microsoft Visual Studio Solution File, Format Version 12.00
# Visual Studio Version 16
VisualStudioVersion = 16.0.31702.278
MinimumVisualStudioVersion = 10.0.40219.1
Project("{888888A0-9F3D-457C-B088-3A5042F75D52}") = "rocket-meister1", "rocket-meister1.pyproj", "{80A57646-ED4A-4E5E-ABF0-52DFBDB72A6A}"
EndProject
Global
	GlobalSection(SolutionConfigurationPlatforms) = preSolution
		Debug|Any CPU = Debug|Any CPU
		Release|Any CPU = Release|Any CPU
	EndGlobalSection
	GlobalSection(ProjectConfigurationPlatforms) = postSolution
		{80A57646-ED4A-4E5E-ABF0-52DFBDB72A6A}.Debug|Any CPU.ActiveCfg = Debug|Any CPU
		{80A57646-ED4A-4E5E-ABF0-52DFBDB72A6A}.Release|Any CPU.ActiveCfg = Release|Any CPU
	EndGlobalSection
	GlobalSection(SolutionProperties) = preSolution
		HideSolutionNode = FALSE
	EndGlobalSection
	GlobalSection(ExtensibilityGlobals) = postSolution
		SolutionGuid = {33DA4A66-8899-4085-B8AE-598111650B86}
	EndGlobalSection
EndGlobal
